
Microsoft Visual Studio Solution File, Format Version 12.00
# Visual Studio Version 17
VisualStudioVersion = 17.2.32630.192
MinimumVisualStudioVersion = 10.0.40219.1
Project("{FAE04EC0-301F-11D3-BF4B-00C04F79EFBC}") = "ApiAgendaTupBrande", "ApiAgendaTupBrande\ApiAgendaTupBrande.csproj", "{9184FA39-F9A6-4C20-A60C-E1C8738AA845}"
EndProject
Global
	GlobalSection(SolutionConfigurationPlatforms) = preSolution
		Debug|Any CPU = Debug|Any CPU
		Release|Any CPU = Release|Any CPU
	EndGlobalSection
	GlobalSection(ProjectConfigurationPlatforms) = postSolution
		{9184FA39-F9A6-4C20-A60C-E1C8738AA845}.Debug|Any CPU.ActiveCfg = Debug|Any CPU
		{9184FA39-F9A6-4C20-A60C-E1C8738AA845}.Debug|Any CPU.Build.0 = Debug|Any CPU
		{9184FA39-F9A6-4C20-A60C-E1C8738AA845}.Release|Any CPU.ActiveCfg = Release|Any CPU
		{9184FA39-F9A6-4C20-A60C-E1C8738AA845}.Release|Any CPU.Build.0 = Release|Any CPU
	EndGlobalSection
	GlobalSection(SolutionProperties) = preSolution
		HideSolutionNode = FALSE
	EndGlobalSection
	GlobalSection(ExtensibilityGlobals) = postSolution
		SolutionGuid = {B9601317-98BA-4BDD-87D8-DA0E987C8FB8}
	EndGlobalSection
EndGlobal
